
Microsoft Visual Studio Solution File, Format Version 12.00
# Visual Studio Version 17
VisualStudioVersion = 17.6.33723.286
MinimumVisualStudioVersion = 10.0.40219.1
Project("{FAE04EC0-301F-11D3-BF4B-00C04F79EFBC}") = "Class02_Homework", "Class02_Homework\Class02_Homework.csproj", "{342E6A7C-2094-4623-89E2-2D4E74E90AF1}"
EndProject
Global
	GlobalSection(SolutionConfigurationPlatforms) = preSolution
		Debug|Any CPU = Debug|Any CPU
		Release|Any CPU = Release|Any CPU
	EndGlobalSection
	GlobalSection(ProjectConfigurationPlatforms) = postSolution
		{342E6A7C-2094-4623-89E2-2D4E74E90AF1}.Debug|Any CPU.ActiveCfg = Debug|Any CPU
		{342E6A7C-2094-4623-89E2-2D4E74E90AF1}.Debug|Any CPU.Build.0 = Debug|Any CPU
		{342E6A7C-2094-4623-89E2-2D4E74E90AF1}.Release|Any CPU.ActiveCfg = Release|Any CPU
		{342E6A7C-2094-4623-89E2-2D4E74E90AF1}.Release|Any CPU.Build.0 = Release|Any CPU
	EndGlobalSection
	GlobalSection(SolutionProperties) = preSolution
		HideSolutionNode = FALSE
	EndGlobalSection
	GlobalSection(ExtensibilityGlobals) = postSolution
		SolutionGuid = {B4A30395-64C3-4C25-B067-BA7766DCD5E8}
	EndGlobalSection
EndGlobal
